
Microsoft Visual Studio Solution File, Format Version 12.00
# Visual Studio Version 16
VisualStudioVersion = 16.0.32002.261
MinimumVisualStudioVersion = 10.0.40219.1
Project("{FAE04EC0-301F-11D3-BF4B-00C04F79EFBC}") = "CapacitySensor2", "CapacitySensor2\CapacitySensor2.csproj", "{828B2CB9-62D9-474B-B7DC-50FA80469B6F}"
EndProject
Global
	GlobalSection(SolutionConfigurationPlatforms) = preSolution
		Debug|Any CPU = Debug|Any CPU
		Release|Any CPU = Release|Any CPU
	EndGlobalSection
	GlobalSection(ProjectConfigurationPlatforms) = postSolution
		{828B2CB9-62D9-474B-B7DC-50FA80469B6F}.Debug|Any CPU.ActiveCfg = Debug|Any CPU
		{828B2CB9-62D9-474B-B7DC-50FA80469B6F}.Debug|Any CPU.Build.0 = Debug|Any CPU
		{828B2CB9-62D9-474B-B7DC-50FA80469B6F}.Release|Any CPU.ActiveCfg = Release|Any CPU
		{828B2CB9-62D9-474B-B7DC-50FA80469B6F}.Release|Any CPU.Build.0 = Release|Any CPU
	EndGlobalSection
	GlobalSection(SolutionProperties) = preSolution
		HideSolutionNode = FALSE
	EndGlobalSection
	GlobalSection(ExtensibilityGlobals) = postSolution
		SolutionGuid = {9FF8A183-EE96-4A81-993B-6929F4A799A3}
	EndGlobalSection
EndGlobal
